
Microsoft Visual Studio Solution File, Format Version 12.00
# Visual Studio Version 17
VisualStudioVersion = 17.3.32825.248
MinimumVisualStudioVersion = 10.0.40219.1
Project("{FAE04EC0-301F-11D3-BF4B-00C04F79EFBC}") = "Interactive Fiction", "Interactive Fiction\Interactive Fiction.csproj", "{DEC9AF0A-7256-4B58-8CCD-AA8FFCBA0035}"
EndProject
Global
	GlobalSection(SolutionConfigurationPlatforms) = preSolution
		Debug|Any CPU = Debug|Any CPU
		Release|Any CPU = Release|Any CPU
	EndGlobalSection
	GlobalSection(ProjectConfigurationPlatforms) = postSolution
		{DEC9AF0A-7256-4B58-8CCD-AA8FFCBA0035}.Debug|Any CPU.ActiveCfg = Debug|Any CPU
		{DEC9AF0A-7256-4B58-8CCD-AA8FFCBA0035}.Debug|Any CPU.Build.0 = Debug|Any CPU
		{DEC9AF0A-7256-4B58-8CCD-AA8FFCBA0035}.Release|Any CPU.ActiveCfg = Release|Any CPU
		{DEC9AF0A-7256-4B58-8CCD-AA8FFCBA0035}.Release|Any CPU.Build.0 = Release|Any CPU
	EndGlobalSection
	GlobalSection(SolutionProperties) = preSolution
		HideSolutionNode = FALSE
	EndGlobalSection
	GlobalSection(ExtensibilityGlobals) = postSolution
		SolutionGuid = {DA9620A8-4B45-4731-AFB0-48C516ECBA66}
	EndGlobalSection
EndGlobal
